
Microsoft Visual Studio Solution File, Format Version 12.00
# Visual Studio Version 17
VisualStudioVersion = 17.0.31903.59
MinimumVisualStudioVersion = 10.0.40219.1
Project("{FAE04EC0-301F-11D3-BF4B-00C04F79EFBC}") = "API", "API\API.csproj", "{B3D24D82-0575-4CB5-8A7E-92C1F7A04C6F}"
EndProject
Project("{FAE04EC0-301F-11D3-BF4B-00C04F79EFBC}") = "Application", "Application\Application.csproj", "{1EF6E866-D5A3-4FD3-9C61-C76C20459E0A}"
EndProject
Project("{FAE04EC0-301F-11D3-BF4B-00C04F79EFBC}") = "Domain", "Domain\Domain.csproj", "{EF88500B-AAD2-407C-AABF-419E1DD26160}"
EndProject
Project("{FAE04EC0-301F-11D3-BF4B-00C04F79EFBC}") = "Persistence", "Persistence\Persistence.csproj", "{EC2F6403-F881-4213-9C62-C265C5192844}"
EndProject
Global
	GlobalSection(SolutionConfigurationPlatforms) = preSolution
		Debug|Any CPU = Debug|Any CPU
		Release|Any CPU = Release|Any CPU
	EndGlobalSection
	GlobalSection(SolutionProperties) = preSolution
		HideSolutionNode = FALSE
	EndGlobalSection
	GlobalSection(ProjectConfigurationPlatforms) = postSolution
		{B3D24D82-0575-4CB5-8A7E-92C1F7A04C6F}.Debug|Any CPU.ActiveCfg = Debug|Any CPU
		{B3D24D82-0575-4CB5-8A7E-92C1F7A04C6F}.Debug|Any CPU.Build.0 = Debug|Any CPU
		{B3D24D82-0575-4CB5-8A7E-92C1F7A04C6F}.Release|Any CPU.ActiveCfg = Release|Any CPU
		{B3D24D82-0575-4CB5-8A7E-92C1F7A04C6F}.Release|Any CPU.Build.0 = Release|Any CPU
		{1EF6E866-D5A3-4FD3-9C61-C76C20459E0A}.Debug|Any CPU.ActiveCfg = Debug|Any CPU
		{1EF6E866-D5A3-4FD3-9C61-C76C20459E0A}.Debug|Any CPU.Build.0 = Debug|Any CPU
		{1EF6E866-D5A3-4FD3-9C61-C76C20459E0A}.Release|Any CPU.ActiveCfg = Release|Any CPU
		{1EF6E866-D5A3-4FD3-9C61-C76C20459E0A}.Release|Any CPU.Build.0 = Release|Any CPU
		{EF88500B-AAD2-407C-AABF-419E1DD26160}.Debug|Any CPU.ActiveCfg = Debug|Any CPU
		{EF88500B-AAD2-407C-AABF-419E1DD26160}.Debug|Any CPU.Build.0 = Debug|Any CPU
		{EF88500B-AAD2-407C-AABF-419E1DD26160}.Release|Any CPU.ActiveCfg = Release|Any CPU
		{EF88500B-AAD2-407C-AABF-419E1DD26160}.Release|Any CPU.Build.0 = Release|Any CPU
		{EC2F6403-F881-4213-9C62-C265C5192844}.Debug|Any CPU.ActiveCfg = Debug|Any CPU
		{EC2F6403-F881-4213-9C62-C265C5192844}.Debug|Any CPU.Build.0 = Debug|Any CPU
		{EC2F6403-F881-4213-9C62-C265C5192844}.Release|Any CPU.ActiveCfg = Release|Any CPU
		{EC2F6403-F881-4213-9C62-C265C5192844}.Release|Any CPU.Build.0 = Release|Any CPU
	EndGlobalSection
EndGlobal
